// !$*UTF8*$!
{
	archiveVersion = 1;
	classes = {
	};
	objectVersion = 50;
	objects = {

/* Begin PBXBuildFile section */
		2B3C06ED20AB704600F38167 /* APPAppDelegate.m in Sources */ = {isa = PBXBuildFile; fileRef = 2B3C06EC20AB704600F38167 /* APPAppDelegate.m */; };
		2B3C06EF20AB704800F38167 /* Assets.xcassets in Resources */ = {isa = PBXBuildFile; fileRef = 2B3C06EE20AB704800F38167 /* Assets.xcassets */; };
		2B3C06F220AB704800F38167 /* MainMenu.xib in Resources */ = {isa = PBXBuildFile; fileRef = 2B3C06F020AB704800F38167 /* MainMenu.xib */; };
		2B3C06F520AB704800F38167 /* main.m in Sources */ = {isa = PBXBuildFile; fileRef = 2B3C06F420AB704800F38167 /* main.m */; };
		2B3C070F20AB8E9400F38167 /* APPViewController.m in Sources */ = {isa = PBXBuildFile; fileRef = 2B3C070D20AB8E9400F38167 /* APPViewController.m */; };
		2B3C071020AB8E9400F38167 /* APPViewController.xib in Resources */ = {isa = PBXBuildFile; fileRef = 2B3C070E20AB8E9400F38167 /* APPViewController.xib */; };
		4D0F1245216F31160008080A /* AdSupport.framework in Frameworks */ = {isa = PBXBuildFile; fileRef = 4D0F11BB216EB84D0008080A /* AdSupport.framework */; settings = {ATTRIBUTES = (Weak, ); }; };
		4D0F56AD20B33C97003D6607 /* TestBed-MacTests.m in Sources */ = {isa = PBXBuildFile; fileRef = 4D0F56AC20B33C97003D6607 /* TestBed-MacTests.m */; };
		4D39087F20BF378C00E28074 /* APPActionItemView.xib in Resources */ = {isa = PBXBuildFile; fileRef = 4D39087E20BF378C00E28074 /* APPActionItemView.xib */; };
		4D85A9F920BF61D500E61F6E /* APPActionItemView.m in Sources */ = {isa = PBXBuildFile; fileRef = 4D85A9F820BF61D500E61F6E /* APPActionItemView.m */; };
		4DD347A320BCFA54003891F1 /* Branch.framework in CopyFiles */ = {isa = PBXBuildFile; fileRef = 2B3C070320AB722200F38167 /* Branch.framework */; settings = {ATTRIBUTES = (CodeSignOnCopy, RemoveHeadersOnCopy, ); }; };
/* End PBXBuildFile section */

/* Begin PBXContainerItemProxy section */
		2B073C1420C9AC45005D16D2 /* PBXContainerItemProxy */ = {
			isa = PBXContainerItemProxy;
			containerPortal = 2B3C06FD20AB722200F38167 /* Branch.xcodeproj */;
			proxyType = 2;
			remoteGlobalIDString = 4D67477420C74E81001639C5;
			remoteInfo = "Branch-tvOS";
		};
		2B3C070220AB722200F38167 /* PBXContainerItemProxy */ = {
			isa = PBXContainerItemProxy;
			containerPortal = 2B3C06FD20AB722200F38167 /* Branch.xcodeproj */;
			proxyType = 2;
			remoteGlobalIDString = 4D54C07520A6560400C76496;
			remoteInfo = Branch;
		};
		4D03D57F20CB61DD00DD1341 /* PBXContainerItemProxy */ = {
			isa = PBXContainerItemProxy;
			containerPortal = 2B3C06E020AB704600F38167 /* Project object */;
			proxyType = 1;
			remoteGlobalIDString = 2B3C06E720AB704600F38167;
			remoteInfo = "TestBed-Mac";
		};
		4DD347A420BCFA5C003891F1 /* PBXContainerItemProxy */ = {
			isa = PBXContainerItemProxy;
			containerPortal = 2B3C06FD20AB722200F38167 /* Branch.xcodeproj */;
			proxyType = 1;
			remoteGlobalIDString = 4D54C07420A6560400C76496;
			remoteInfo = Branch;
		};
		4DDC6FE720B62F4700A50F39 /* PBXContainerItemProxy */ = {
			isa = PBXContainerItemProxy;
			containerPortal = 2B3C06FD20AB722200F38167 /* Branch.xcodeproj */;
			proxyType = 2;
			remoteGlobalIDString = 4D159DCB20B62D7D005A9850;
			remoteInfo = BranchTests;
		};
/* End PBXContainerItemProxy section */

/* Begin PBXCopyFilesBuildPhase section */
		2B3C06FC20AB720900F38167 /* CopyFiles */ = {
			isa = PBXCopyFilesBuildPhase;
			buildActionMask = 12;
			dstPath = "";
			dstSubfolderSpec = 10;
			files = (
				4DD347A320BCFA54003891F1 /* Branch.framework in CopyFiles */,
			);
			runOnlyForDeploymentPostprocessing = 0;
		};
/* End PBXCopyFilesBuildPhase section */

/* Begin PBXFileReference section */
		2B3C06E820AB704600F38167 /* TestBed-macOS.app */ = {isa = PBXFileReference; explicitFileType = wrapper.application; includeInIndex = 0; path = "TestBed-macOS.app"; sourceTree = BUILT_PRODUCTS_DIR; };
		2B3C06EB20AB704600F38167 /* APPAppDelegate.h */ = {isa = PBXFileReference; lastKnownFileType = sourcecode.c.h; path = APPAppDelegate.h; sourceTree = "<group>"; };
		2B3C06EC20AB704600F38167 /* APPAppDelegate.m */ = {isa = PBXFileReference; lastKnownFileType = sourcecode.c.objc; path = APPAppDelegate.m; sourceTree = "<group>"; };
		2B3C06EE20AB704800F38167 /* Assets.xcassets */ = {isa = PBXFileReference; lastKnownFileType = folder.assetcatalog; path = Assets.xcassets; sourceTree = "<group>"; };
		2B3C06F120AB704800F38167 /* Base */ = {isa = PBXFileReference; lastKnownFileType = file.xib; name = Base; path = Base.lproj/MainMenu.xib; sourceTree = "<group>"; };
		2B3C06F320AB704800F38167 /* Info.plist */ = {isa = PBXFileReference; lastKnownFileType = text.plist.xml; path = Info.plist; sourceTree = "<group>"; };
		2B3C06F420AB704800F38167 /* main.m */ = {isa = PBXFileReference; lastKnownFileType = sourcecode.c.objc; path = main.m; sourceTree = "<group>"; };
		2B3C06FD20AB722200F38167 /* Branch.xcodeproj */ = {isa = PBXFileReference; lastKnownFileType = "wrapper.pb-project"; name = Branch.xcodeproj; path = ../../Branch.xcodeproj; sourceTree = "<group>"; };
		2B3C070A20AB809E00F38167 /* TestBed-macOS.entitlements */ = {isa = PBXFileReference; lastKnownFileType = text.plist.entitlements; path = "TestBed-macOS.entitlements"; sourceTree = "<group>"; };
		2B3C070C20AB8E9400F38167 /* APPViewController.h */ = {isa = PBXFileReference; lastKnownFileType = sourcecode.c.h; path = APPViewController.h; sourceTree = "<group>"; };
		2B3C070D20AB8E9400F38167 /* APPViewController.m */ = {isa = PBXFileReference; lastKnownFileType = sourcecode.c.objc; path = APPViewController.m; sourceTree = "<group>"; };
		2B3C070E20AB8E9400F38167 /* APPViewController.xib */ = {isa = PBXFileReference; lastKnownFileType = file.xib; path = APPViewController.xib; sourceTree = "<group>"; };
		2B3C071820ABE0F400F38167 /* README.md */ = {isa = PBXFileReference; lastKnownFileType = net.daringfireball.markdown; path = README.md; sourceTree = "<group>"; };
		4D0F11BB216EB84D0008080A /* AdSupport.framework */ = {isa = PBXFileReference; lastKnownFileType = wrapper.framework; name = AdSupport.framework; path = System/Library/Frameworks/AdSupport.framework; sourceTree = SDKROOT; };
		4D0F56AA20B33C97003D6607 /* TestBed-macOSTests.xctest */ = {isa = PBXFileReference; explicitFileType = wrapper.cfbundle; includeInIndex = 0; path = "TestBed-macOSTests.xctest"; sourceTree = BUILT_PRODUCTS_DIR; };
		4D0F56AC20B33C97003D6607 /* TestBed-MacTests.m */ = {isa = PBXFileReference; lastKnownFileType = sourcecode.c.objc; path = "TestBed-MacTests.m"; sourceTree = "<group>"; };
		4D0F56AE20B33C97003D6607 /* Info.plist */ = {isa = PBXFileReference; lastKnownFileType = text.plist.xml; path = Info.plist; sourceTree = "<group>"; };
		4D39087E20BF378C00E28074 /* APPActionItemView.xib */ = {isa = PBXFileReference; lastKnownFileType = file.xib; path = APPActionItemView.xib; sourceTree = "<group>"; };
		4D85A9F720BF61D500E61F6E /* APPActionItemView.h */ = {isa = PBXFileReference; lastKnownFileType = sourcecode.c.h; path = APPActionItemView.h; sourceTree = "<group>"; };
		4D85A9F820BF61D500E61F6E /* APPActionItemView.m */ = {isa = PBXFileReference; lastKnownFileType = sourcecode.c.objc; path = APPActionItemView.m; sourceTree = "<group>"; };
		5FA1791123270ED40012B500 /* WebKit.framework */ = {isa = PBXFileReference; lastKnownFileType = wrapper.framework; name = WebKit.framework; path = System/Library/Frameworks/WebKit.framework; sourceTree = SDKROOT; };
/* End PBXFileReference section */

/* Begin PBXFrameworksBuildPhase section */
		2B3C06E520AB704600F38167 /* Frameworks */ = {
			isa = PBXFrameworksBuildPhase;
			buildActionMask = 2147483647;
			files = (
				4D0F1245216F31160008080A /* AdSupport.framework in Frameworks */,
			);
			runOnlyForDeploymentPostprocessing = 0;
		};
/* End PBXFrameworksBuildPhase section */

/* Begin PBXGroup section */
		2B3C06DF20AB704600F38167 = {
			isa = PBXGroup;
			children = (
				2B3C071820ABE0F400F38167 /* README.md */,
				2B3C06FD20AB722200F38167 /* Branch.xcodeproj */,
				2B3C06EA20AB704600F38167 /* TestBed-macOS */,
				4D0F56AB20B33C97003D6607 /* TestBed-macOSTests */,
				2B3C06E920AB704600F38167 /* Products */,
				2B3C071320ABB83100F38167 /* Frameworks */,
			);
			sourceTree = "<group>";
		};
		2B3C06E920AB704600F38167 /* Products */ = {
			isa = PBXGroup;
			children = (
				2B3C06E820AB704600F38167 /* TestBed-macOS.app */,
				4D0F56AA20B33C97003D6607 /* TestBed-macOSTests.xctest */,
			);
			name = Products;
			sourceTree = "<group>";
		};
		2B3C06EA20AB704600F38167 /* TestBed-macOS */ = {
			isa = PBXGroup;
			children = (
				4D85A9F720BF61D500E61F6E /* APPActionItemView.h */,
				4D85A9F820BF61D500E61F6E /* APPActionItemView.m */,
				4D39087E20BF378C00E28074 /* APPActionItemView.xib */,
				2B3C06EB20AB704600F38167 /* APPAppDelegate.h */,
				2B3C06EC20AB704600F38167 /* APPAppDelegate.m */,
				2B3C070C20AB8E9400F38167 /* APPViewController.h */,
				2B3C070D20AB8E9400F38167 /* APPViewController.m */,
				2B3C070E20AB8E9400F38167 /* APPViewController.xib */,
				2B3C06EE20AB704800F38167 /* Assets.xcassets */,
				2B3C06F320AB704800F38167 /* Info.plist */,
				2B3C06F420AB704800F38167 /* main.m */,
				2B3C06F020AB704800F38167 /* MainMenu.xib */,
				2B3C070A20AB809E00F38167 /* TestBed-macOS.entitlements */,
			);
			path = "TestBed-macOS";
			sourceTree = "<group>";
		};
		2B3C06FE20AB722200F38167 /* Products */ = {
			isa = PBXGroup;
			children = (
				4D0F11C0216EB84D0008080A /* Branch.framework */,
				2B3C070320AB722200F38167 /* Branch.framework */,
				2B073C1520C9AC45005D16D2 /* Branch.framework */,
				4DDC6FE820B62F4700A50F39 /* BranchTests.xctest */,
			);
			name = Products;
			sourceTree = "<group>";
		};
		2B3C071320ABB83100F38167 /* Frameworks */ = {
			isa = PBXGroup;
			children = (
				5FA1791123270ED40012B500 /* WebKit.framework */,
				4D0F11BB216EB84D0008080A /* AdSupport.framework */,
			);
			name = Frameworks;
			sourceTree = "<group>";
		};
		4D0F56AB20B33C97003D6607 /* TestBed-macOSTests */ = {
			isa = PBXGroup;
			children = (
				4D0F56AC20B33C97003D6607 /* TestBed-MacTests.m */,
				4D0F56AE20B33C97003D6607 /* Info.plist */,
			);
			path = "TestBed-macOSTests";
			sourceTree = "<group>";
		};
/* End PBXGroup section */

/* Begin PBXNativeTarget section */
		2B3C06E720AB704600F38167 /* TestBed-macOS */ = {
			isa = PBXNativeTarget;
			buildConfigurationList = 2B3C06F920AB704800F38167 /* Build configuration list for PBXNativeTarget "TestBed-macOS" */;
			buildPhases = (
				2B3C06E420AB704600F38167 /* Sources */,
				2B3C06E520AB704600F38167 /* Frameworks */,
				2B3C06E620AB704600F38167 /* Resources */,
				2B3C06FC20AB720900F38167 /* CopyFiles */,
			);
			buildRules = (
			);
			dependencies = (
				4DD347A520BCFA5C003891F1 /* PBXTargetDependency */,
			);
			name = "TestBed-macOS";
			productName = "TestBed-Mac";
			productReference = 2B3C06E820AB704600F38167 /* TestBed-macOS.app */;
			productType = "com.apple.product-type.application";
		};
		4D0F56A920B33C97003D6607 /* TestBed-macOSTests */ = {
			isa = PBXNativeTarget;
			buildConfigurationList = 4D0F56B420B33C97003D6607 /* Build configuration list for PBXNativeTarget "TestBed-macOSTests" */;
			buildPhases = (
				4D0F56A620B33C97003D6607 /* Sources */,
			);
			buildRules = (
			);
			dependencies = (
				4D03D58020CB61DD00DD1341 /* PBXTargetDependency */,
			);
			name = "TestBed-macOSTests";
			productName = "TestBed-MacTests";
			productReference = 4D0F56AA20B33C97003D6607 /* TestBed-macOSTests.xctest */;
			productType = "com.apple.product-type.bundle.unit-test";
		};
/* End PBXNativeTarget section */

/* Begin PBXProject section */
		2B3C06E020AB704600F38167 /* Project object */ = {
			isa = PBXProject;
			attributes = {
				CLASSPREFIX = APP;
				LastUpgradeCheck = 0930;
				ORGANIZATIONNAME = Branch;
				TargetAttributes = {
					2B3C06E720AB704600F38167 = {
						CreatedOnToolsVersion = 9.3.1;
						SystemCapabilities = {
							com.apple.Keychain = {
								enabled = 1;
							};
							com.apple.Sandbox = {
								enabled = 1;
							};
						};
					};
					4D0F56A920B33C97003D6607 = {
						CreatedOnToolsVersion = 9.3.1;
						TestTargetID = 2B3C06E720AB704600F38167;
					};
				};
			};
			buildConfigurationList = 2B3C06E320AB704600F38167 /* Build configuration list for PBXProject "TestBed-macOS" */;
			compatibilityVersion = "Xcode 9.3";
			developmentRegion = en;
			hasScannedForEncodings = 0;
			knownRegions = (
				en,
				Base,
			);
			mainGroup = 2B3C06DF20AB704600F38167;
			productRefGroup = 2B3C06E920AB704600F38167 /* Products */;
			projectDirPath = "";
			projectReferences = (
				{
					ProductGroup = 2B3C06FE20AB722200F38167 /* Products */;
					ProjectRef = 2B3C06FD20AB722200F38167 /* Branch.xcodeproj */;
				},
			);
			projectRoot = "";
			targets = (
				2B3C06E720AB704600F38167 /* TestBed-macOS */,
				4D0F56A920B33C97003D6607 /* TestBed-macOSTests */,
			);
		};
/* End PBXProject section */

/* Begin PBXReferenceProxy section */
		2B073C1520C9AC45005D16D2 /* Branch.framework */ = {
			isa = PBXReferenceProxy;
			fileType = wrapper.framework;
			path = Branch.framework;
			remoteRef = 2B073C1420C9AC45005D16D2 /* PBXContainerItemProxy */;
			sourceTree = BUILT_PRODUCTS_DIR;
		};
		2B3C070320AB722200F38167 /* Branch.framework */ = {
			isa = PBXReferenceProxy;
			fileType = wrapper.framework;
			path = Branch.framework;
			remoteRef = 2B3C070220AB722200F38167 /* PBXContainerItemProxy */;
			sourceTree = BUILT_PRODUCTS_DIR;
		};
		4D0F11C0216EB84D0008080A /* Branch.framework */ = {
			isa = PBXReferenceProxy;
			fileType = wrapper.framework;
			path = Branch.framework;
			remoteRef = 4D0F11BF216EB84D0008080A /* PBXContainerItemProxy */;
			sourceTree = BUILT_PRODUCTS_DIR;
		};
		4DDC6FE820B62F4700A50F39 /* BranchTests.xctest */ = {
			isa = PBXReferenceProxy;
			fileType = wrapper.cfbundle;
			path = BranchTests.xctest;
			remoteRef = 4DDC6FE720B62F4700A50F39 /* PBXContainerItemProxy */;
			sourceTree = BUILT_PRODUCTS_DIR;
		};
/* End PBXReferenceProxy section */

/* Begin PBXResourcesBuildPhase section */
		2B3C06E620AB704600F38167 /* Resources */ = {
			isa = PBXResourcesBuildPhase;
			buildActionMask = 2147483647;
			files = (
				4D39087F20BF378C00E28074 /* APPActionItemView.xib in Resources */,
				2B3C06EF20AB704800F38167 /* Assets.xcassets in Resources */,
				2B3C06F220AB704800F38167 /* MainMenu.xib in Resources */,
				2B3C071020AB8E9400F38167 /* APPViewController.xib in Resources */,
			);
			runOnlyForDeploymentPostprocessing = 0;
		};
/* End PBXResourcesBuildPhase section */

/* Begin PBXSourcesBuildPhase section */
		2B3C06E420AB704600F38167 /* Sources */ = {
			isa = PBXSourcesBuildPhase;
			buildActionMask = 2147483647;
			files = (
				2B3C06ED20AB704600F38167 /* APPAppDelegate.m in Sources */,
				2B3C070F20AB8E9400F38167 /* APPViewController.m in Sources */,
				4D85A9F920BF61D500E61F6E /* APPActionItemView.m in Sources */,
				2B3C06F520AB704800F38167 /* main.m in Sources */,
			);
			runOnlyForDeploymentPostprocessing = 0;
		};
		4D0F56A620B33C97003D6607 /* Sources */ = {
			isa = PBXSourcesBuildPhase;
			buildActionMask = 2147483647;
			files = (
				4D0F56AD20B33C97003D6607 /* TestBed-MacTests.m in Sources */,
			);
			runOnlyForDeploymentPostprocessing = 0;
		};
/* End PBXSourcesBuildPhase section */

/* Begin PBXTargetDependency section */
		4D03D58020CB61DD00DD1341 /* PBXTargetDependency */ = {
			isa = PBXTargetDependency;
			target = 2B3C06E720AB704600F38167 /* TestBed-macOS */;
			targetProxy = 4D03D57F20CB61DD00DD1341 /* PBXContainerItemProxy */;
		};
		4DD347A520BCFA5C003891F1 /* PBXTargetDependency */ = {
			isa = PBXTargetDependency;
			name = Branch;
			targetProxy = 4DD347A420BCFA5C003891F1 /* PBXContainerItemProxy */;
		};
/* End PBXTargetDependency section */

/* Begin PBXVariantGroup section */
		2B3C06F020AB704800F38167 /* MainMenu.xib */ = {
			isa = PBXVariantGroup;
			children = (
				2B3C06F120AB704800F38167 /* Base */,
			);
			name = MainMenu.xib;
			sourceTree = "<group>";
		};
/* End PBXVariantGroup section */

/* Begin XCBuildConfiguration section */
		2B3C06F720AB704800F38167 /* Debug */ = {
			isa = XCBuildConfiguration;
			buildSettings = {
				ALWAYS_SEARCH_USER_PATHS = NO;
				CLANG_ANALYZER_NONNULL = YES;
				CLANG_ANALYZER_NUMBER_OBJECT_CONVERSION = YES_AGGRESSIVE;
				CLANG_CXX_LANGUAGE_STANDARD = "gnu++14";
				CLANG_CXX_LIBRARY = "libc++";
				CLANG_ENABLE_MODULES = YES;
				CLANG_ENABLE_OBJC_ARC = YES;
				CLANG_ENABLE_OBJC_WEAK = YES;
				CLANG_WARN_BLOCK_CAPTURE_AUTORELEASING = YES;
				CLANG_WARN_BOOL_CONVERSION = YES;
				CLANG_WARN_COMMA = YES;
				CLANG_WARN_CONSTANT_CONVERSION = YES;
				CLANG_WARN_DEPRECATED_OBJC_IMPLEMENTATIONS = YES;
				CLANG_WARN_DIRECT_OBJC_ISA_USAGE = YES_ERROR;
				CLANG_WARN_DOCUMENTATION_COMMENTS = YES;
				CLANG_WARN_EMPTY_BODY = YES;
				CLANG_WARN_ENUM_CONVERSION = YES;
				CLANG_WARN_INFINITE_RECURSION = YES;
				CLANG_WARN_INT_CONVERSION = YES;
				CLANG_WARN_NON_LITERAL_NULL_CONVERSION = YES;
				CLANG_WARN_OBJC_IMPLICIT_RETAIN_SELF = YES;
				CLANG_WARN_OBJC_LITERAL_CONVERSION = YES;
				CLANG_WARN_OBJC_ROOT_CLASS = YES_ERROR;
				CLANG_WARN_RANGE_LOOP_ANALYSIS = YES;
				CLANG_WARN_STRICT_PROTOTYPES = YES;
				CLANG_WARN_SUSPICIOUS_MOVE = YES;
				CLANG_WARN_UNGUARDED_AVAILABILITY = YES_AGGRESSIVE;
				CLANG_WARN_UNREACHABLE_CODE = YES;
				CLANG_WARN__DUPLICATE_METHOD_MATCH = YES;
				CODE_SIGN_IDENTITY = "Mac Developer";
				COPY_PHASE_STRIP = NO;
				DEBUG_INFORMATION_FORMAT = dwarf;
				DEVELOPMENT_TEAM = R63EM248DP;
				ENABLE_STRICT_OBJC_MSGSEND = YES;
				ENABLE_TESTABILITY = YES;
				GCC_C_LANGUAGE_STANDARD = gnu11;
				GCC_DYNAMIC_NO_PIC = NO;
				GCC_NO_COMMON_BLOCKS = YES;
				GCC_OPTIMIZATION_LEVEL = 0;
				GCC_PREPROCESSOR_DEFINITIONS = (
					"DEBUG=1",
					"$(inherited)",
				);
				GCC_WARN_64_TO_32_BIT_CONVERSION = YES;
				GCC_WARN_ABOUT_RETURN_TYPE = YES_ERROR;
				GCC_WARN_UNDECLARED_SELECTOR = YES;
				GCC_WARN_UNINITIALIZED_AUTOS = YES_AGGRESSIVE;
				GCC_WARN_UNUSED_FUNCTION = YES;
				GCC_WARN_UNUSED_VARIABLE = YES;
				MACOSX_DEPLOYMENT_TARGET = 10.11;
				MTL_ENABLE_DEBUG_INFO = YES;
				ONLY_ACTIVE_ARCH = YES;
				SDKROOT = macosx;
			};
			name = Debug;
		};
		2B3C06F820AB704800F38167 /* Release */ = {
			isa = XCBuildConfiguration;
			buildSettings = {
				ALWAYS_SEARCH_USER_PATHS = NO;
				CLANG_ANALYZER_NONNULL = YES;
				CLANG_ANALYZER_NUMBER_OBJECT_CONVERSION = YES_AGGRESSIVE;
				CLANG_CXX_LANGUAGE_STANDARD = "gnu++14";
				CLANG_CXX_LIBRARY = "libc++";
				CLANG_ENABLE_MODULES = YES;
				CLANG_ENABLE_OBJC_ARC = YES;
				CLANG_ENABLE_OBJC_WEAK = YES;
				CLANG_WARN_BLOCK_CAPTURE_AUTORELEASING = YES;
				CLANG_WARN_BOOL_CONVERSION = YES;
				CLANG_WARN_COMMA = YES;
				CLANG_WARN_CONSTANT_CONVERSION = YES;
				CLANG_WARN_DEPRECATED_OBJC_IMPLEMENTATIONS = YES;
				CLANG_WARN_DIRECT_OBJC_ISA_USAGE = YES_ERROR;
				CLANG_WARN_DOCUMENTATION_COMMENTS = YES;
				CLANG_WARN_EMPTY_BODY = YES;
				CLANG_WARN_ENUM_CONVERSION = YES;
				CLANG_WARN_INFINITE_RECURSION = YES;
				CLANG_WARN_INT_CONVERSION = YES;
				CLANG_WARN_NON_LITERAL_NULL_CONVERSION = YES;
				CLANG_WARN_OBJC_IMPLICIT_RETAIN_SELF = YES;
				CLANG_WARN_OBJC_LITERAL_CONVERSION = YES;
				CLANG_WARN_OBJC_ROOT_CLASS = YES_ERROR;
				CLANG_WARN_RANGE_LOOP_ANALYSIS = YES;
				CLANG_WARN_STRICT_PROTOTYPES = YES;
				CLANG_WARN_SUSPICIOUS_MOVE = YES;
				CLANG_WARN_UNGUARDED_AVAILABILITY = YES_AGGRESSIVE;
				CLANG_WARN_UNREACHABLE_CODE = YES;
				CLANG_WARN__DUPLICATE_METHOD_MATCH = YES;
				CODE_SIGN_IDENTITY = "Mac Developer";
				COPY_PHASE_STRIP = NO;
				DEBUG_INFORMATION_FORMAT = "dwarf-with-dsym";
				DEVELOPMENT_TEAM = R63EM248DP;
				ENABLE_NS_ASSERTIONS = NO;
				ENABLE_STRICT_OBJC_MSGSEND = YES;
				GCC_C_LANGUAGE_STANDARD = gnu11;
				GCC_NO_COMMON_BLOCKS = YES;
				GCC_WARN_64_TO_32_BIT_CONVERSION = YES;
				GCC_WARN_ABOUT_RETURN_TYPE = YES_ERROR;
				GCC_WARN_UNDECLARED_SELECTOR = YES;
				GCC_WARN_UNINITIALIZED_AUTOS = YES_AGGRESSIVE;
				GCC_WARN_UNUSED_FUNCTION = YES;
				GCC_WARN_UNUSED_VARIABLE = YES;
				MACOSX_DEPLOYMENT_TARGET = 10.11;
				MTL_ENABLE_DEBUG_INFO = NO;
				SDKROOT = macosx;
			};
			name = Release;
		};
		2B3C06FA20AB704800F38167 /* Debug */ = {
			isa = XCBuildConfiguration;
			buildSettings = {
				ASSETCATALOG_COMPILER_APPICON_NAME = AppIcon;
				CODE_SIGN_ENTITLEMENTS = "TestBed-macOS/TestBed-macOS.entitlements";
				COMBINE_HIDPI_IMAGES = YES;
				DEVELOPMENT_TEAM = R63EM248DP;
				INFOPLIST_FILE = "TestBed-macOS/Info.plist";
				LD_RUNPATH_SEARCH_PATHS = (
					"$(inherited)",
					"@executable_path/../Frameworks",
				);
				OTHER_CODE_SIGN_FLAGS = "--deep";
				PRODUCT_BUNDLE_IDENTIFIER = "io.branch.sdk.TestBed-Mac";
				PRODUCT_NAME = "$(TARGET_NAME)";
				SYSTEM_HEADER_SEARCH_PATHS = ../../;
			};
			name = Debug;
		};
		2B3C06FB20AB704800F38167 /* Release */ = {
			isa = XCBuildConfiguration;
			buildSettings = {
				ASSETCATALOG_COMPILER_APPICON_NAME = AppIcon;
				CODE_SIGN_ENTITLEMENTS = "TestBed-macOS/TestBed-macOS.entitlements";
				COMBINE_HIDPI_IMAGES = YES;
				DEVELOPMENT_TEAM = R63EM248DP;
				INFOPLIST_FILE = "TestBed-macOS/Info.plist";
				LD_RUNPATH_SEARCH_PATHS = (
					"$(inherited)",
					"@executable_path/../Frameworks",
				);
				OTHER_CODE_SIGN_FLAGS = "--deep";
				PRODUCT_BUNDLE_IDENTIFIER = "io.branch.sdk.TestBed-Mac";
				PRODUCT_NAME = "$(TARGET_NAME)";
				SYSTEM_HEADER_SEARCH_PATHS = ../../;
			};
			name = Release;
		};
		4D0F56B120B33C97003D6607 /* Debug */ = {
			isa = XCBuildConfiguration;
			buildSettings = {
				BUNDLE_LOADER = "$(TEST_HOST)";
				COMBINE_HIDPI_IMAGES = YES;
				INFOPLIST_FILE = "TestBed-macOSTests/Info.plist";
				LD_RUNPATH_SEARCH_PATHS = (
					"$(inherited)",
					"@executable_path/../Frameworks",
					"@loader_path/../Frameworks",
				);
				PRODUCT_BUNDLE_IDENTIFIER = "io.branch.sdk.mac.TestBed-macOSTests";
				PRODUCT_NAME = "$(TARGET_NAME)";
				TEST_HOST = "$(BUILT_PRODUCTS_DIR)/TestBed-macOS.app/Contents/MacOS/TestBed-macOS";
			};
			name = Debug;
		};
		4D0F56B220B33C97003D6607 /* Release */ = {
			isa = XCBuildConfiguration;
			buildSettings = {
				BUNDLE_LOADER = "$(TEST_HOST)";
				COMBINE_HIDPI_IMAGES = YES;
				INFOPLIST_FILE = "TestBed-macOSTests/Info.plist";
				LD_RUNPATH_SEARCH_PATHS = (
					"$(inherited)",
					"@executable_path/../Frameworks",
					"@loader_path/../Frameworks",
				);
				PRODUCT_BUNDLE_IDENTIFIER = "io.branch.sdk.mac.TestBed-macOSTests";
				PRODUCT_NAME = "$(TARGET_NAME)";
				TEST_HOST = "$(BUILT_PRODUCTS_DIR)/TestBed-macOS.app/Contents/MacOS/TestBed-macOS";
			};
			name = Release;
		};
/* End XCBuildConfiguration section */

/* Begin XCConfigurationList section */
		2B3C06E320AB704600F38167 /* Build configuration list for PBXProject "TestBed-macOS" */ = {
			isa = XCConfigurationList;
			buildConfigurations = (
				2B3C06F720AB704800F38167 /* Debug */,
				2B3C06F820AB704800F38167 /* Release */,
			);
			defaultConfigurationIsVisible = 0;
			defaultConfigurationName = Release;
		};
		2B3C06F920AB704800F38167 /* Build configuration list for PBXNativeTarget "TestBed-macOS" */ = {
			isa = XCConfigurationList;
			buildConfigurations = (
				2B3C06FA20AB704800F38167 /* Debug */,
				2B3C06FB20AB704800F38167 /* Release */,
			);
			defaultConfigurationIsVisible = 0;
			defaultConfigurationName = Release;
		};
		4D0F56B420B33C97003D6607 /* Build configuration list for PBXNativeTarget "TestBed-macOSTests" */ = {
			isa = XCConfigurationList;
			buildConfigurations = (
				4D0F56B120B33C97003D6607 /* Debug */,
				4D0F56B220B33C97003D6607 /* Release */,
			);
			defaultConfigurationIsVisible = 0;
			defaultConfigurationName = Release;
		};
/* End XCConfigurationList section */
	};
	rootObject = 2B3C06E020AB704600F38167 /* Project object */;
}
