// !$*UTF8*$!
{
	archiveVersion = 1;
	classes = {
	};
	objectVersion = 48;
	objects = {

/* Begin PBXBuildFile section */
		4D54C07F20A6560400C76496 /* Branch.framework in Frameworks */ = {isa = PBXBuildFile; fileRef = 4D54C07520A6560400C76496 /* Branch.framework */; };
		4D54C08620A6560400C76496 /* BranchFramework.h in Headers */ = {isa = PBXBuildFile; fileRef = 4D54C07820A6560400C76496 /* BranchFramework.h */; settings = {ATTRIBUTES = (Public, ); }; };
		4D99772620AA099D00A63EE1 /* BNCLog.h in Headers */ = {isa = PBXBuildFile; fileRef = 4D99771E20AA099D00A63EE1 /* BNCLog.h */; };
		4D99772720AA099D00A63EE1 /* BNCDebug.m in Sources */ = {isa = PBXBuildFile; fileRef = 4D99771F20AA099D00A63EE1 /* BNCDebug.m */; };
		4D99772820AA099D00A63EE1 /* BNCDebug.h in Headers */ = {isa = PBXBuildFile; fileRef = 4D99772020AA099D00A63EE1 /* BNCDebug.h */; };
		4D99772920AA099D00A63EE1 /* BNCThreads.m in Sources */ = {isa = PBXBuildFile; fileRef = 4D99772120AA099D00A63EE1 /* BNCThreads.m */; };
		4D99772A20AA099D00A63EE1 /* NSString+Branch.h in Headers */ = {isa = PBXBuildFile; fileRef = 4D99772220AA099D00A63EE1 /* NSString+Branch.h */; };
		4D99772B20AA099D00A63EE1 /* BNCLog.m in Sources */ = {isa = PBXBuildFile; fileRef = 4D99772320AA099D00A63EE1 /* BNCLog.m */; };
		4D99772C20AA099D00A63EE1 /* NSString+Branch.m in Sources */ = {isa = PBXBuildFile; fileRef = 4D99772420AA099D00A63EE1 /* NSString+Branch.m */; };
		4D99772D20AA099D00A63EE1 /* BNCThreads.h in Headers */ = {isa = PBXBuildFile; fileRef = 4D99772520AA099D00A63EE1 /* BNCThreads.h */; };
		4D99773620AA09B300A63EE1 /* BNCTestCase.Test.m in Sources */ = {isa = PBXBuildFile; fileRef = 4D99772F20AA09B300A63EE1 /* BNCTestCase.Test.m */; };
		4D99773720AA09B300A63EE1 /* BNCTestCase.m in Sources */ = {isa = PBXBuildFile; fileRef = 4D99773020AA09B300A63EE1 /* BNCTestCase.m */; };
		4D99773820AA09B300A63EE1 /* BNCTestCase.strings in Resources */ = {isa = PBXBuildFile; fileRef = 4D99773120AA09B300A63EE1 /* BNCTestCase.strings */; };
		4D99773920AA09B300A63EE1 /* BNCLog.Test.m in Sources */ = {isa = PBXBuildFile; fileRef = 4D99773220AA09B300A63EE1 /* BNCLog.Test.m */; };
		4D99773A20AA09B300A63EE1 /* BNCThreads.Test.m in Sources */ = {isa = PBXBuildFile; fileRef = 4D99773320AA09B300A63EE1 /* BNCThreads.Test.m */; };
		4D99773B20AA09B300A63EE1 /* BNCDebug.Test.m in Sources */ = {isa = PBXBuildFile; fileRef = 4D99773420AA09B300A63EE1 /* BNCDebug.Test.m */; };
		4D99773C20AA09B300A63EE1 /* NSString+Branch.Test.m in Sources */ = {isa = PBXBuildFile; fileRef = 4D99773520AA09B300A63EE1 /* NSString+Branch.Test.m */; };
		4DC2232420AA19A2005C57D0 /* OCMock.framework in Frameworks */ = {isa = PBXBuildFile; fileRef = 4DC2232320AA19A2005C57D0 /* OCMock.framework */; };
		4DC2232620AA1AA0005C57D0 /* OCMock.framework in CopyFiles */ = {isa = PBXBuildFile; fileRef = 4DC2232320AA19A2005C57D0 /* OCMock.framework */; settings = {ATTRIBUTES = (CodeSignOnCopy, RemoveHeadersOnCopy, ); }; };
		4DC2232920AA262D005C57D0 /* Branch.h in Headers */ = {isa = PBXBuildFile; fileRef = 4DC2232720AA262D005C57D0 /* Branch.h */; settings = {ATTRIBUTES = (Public, ); }; };
		4DC2232A20AA262D005C57D0 /* Branch.m in Sources */ = {isa = PBXBuildFile; fileRef = 4DC2232820AA262D005C57D0 /* Branch.m */; };
		4DC2232C20AA3E27005C57D0 /* Branch.Test.m in Sources */ = {isa = PBXBuildFile; fileRef = 4DC2232B20AA3E27005C57D0 /* Branch.Test.m */; };
/* End PBXBuildFile section */

/* Begin PBXContainerItemProxy section */
		4D54C08020A6560400C76496 /* PBXContainerItemProxy */ = {
			isa = PBXContainerItemProxy;
			containerPortal = 4D54C06C20A6560400C76496 /* Project object */;
			proxyType = 1;
			remoteGlobalIDString = 4D54C07420A6560400C76496;
			remoteInfo = "Branch-SDK-Mac";
		};
/* End PBXContainerItemProxy section */

/* Begin PBXCopyFilesBuildPhase section */
		4DC2232520AA1A89005C57D0 /* CopyFiles */ = {
			isa = PBXCopyFilesBuildPhase;
			buildActionMask = 2147483647;
			dstPath = "";
			dstSubfolderSpec = 10;
			files = (
				4DC2232620AA1AA0005C57D0 /* OCMock.framework in CopyFiles */,
			);
			runOnlyForDeploymentPostprocessing = 0;
		};
/* End PBXCopyFilesBuildPhase section */

/* Begin PBXFileReference section */
		4D54C07520A6560400C76496 /* Branch.framework */ = {isa = PBXFileReference; explicitFileType = wrapper.framework; includeInIndex = 0; path = Branch.framework; sourceTree = BUILT_PRODUCTS_DIR; };
		4D54C07820A6560400C76496 /* BranchFramework.h */ = {isa = PBXFileReference; lastKnownFileType = sourcecode.c.h; path = BranchFramework.h; sourceTree = "<group>"; };
		4D54C07920A6560400C76496 /* Info.plist */ = {isa = PBXFileReference; lastKnownFileType = text.plist.xml; path = Info.plist; sourceTree = "<group>"; };
		4D54C07E20A6560400C76496 /* BranchTests.xctest */ = {isa = PBXFileReference; explicitFileType = wrapper.cfbundle; includeInIndex = 0; path = BranchTests.xctest; sourceTree = BUILT_PRODUCTS_DIR; };
		4D54C08520A6560400C76496 /* Info.plist */ = {isa = PBXFileReference; lastKnownFileType = text.plist.xml; path = Info.plist; sourceTree = "<group>"; };
		4D99771E20AA099D00A63EE1 /* BNCLog.h */ = {isa = PBXFileReference; fileEncoding = 4; lastKnownFileType = sourcecode.c.h; path = BNCLog.h; sourceTree = "<group>"; };
		4D99771F20AA099D00A63EE1 /* BNCDebug.m */ = {isa = PBXFileReference; fileEncoding = 4; lastKnownFileType = sourcecode.c.objc; path = BNCDebug.m; sourceTree = "<group>"; };
		4D99772020AA099D00A63EE1 /* BNCDebug.h */ = {isa = PBXFileReference; fileEncoding = 4; lastKnownFileType = sourcecode.c.h; path = BNCDebug.h; sourceTree = "<group>"; };
		4D99772120AA099D00A63EE1 /* BNCThreads.m */ = {isa = PBXFileReference; fileEncoding = 4; lastKnownFileType = sourcecode.c.objc; path = BNCThreads.m; sourceTree = "<group>"; };
		4D99772220AA099D00A63EE1 /* NSString+Branch.h */ = {isa = PBXFileReference; fileEncoding = 4; lastKnownFileType = sourcecode.c.h; path = "NSString+Branch.h"; sourceTree = "<group>"; };
		4D99772320AA099D00A63EE1 /* BNCLog.m */ = {isa = PBXFileReference; fileEncoding = 4; lastKnownFileType = sourcecode.c.objc; path = BNCLog.m; sourceTree = "<group>"; };
		4D99772420AA099D00A63EE1 /* NSString+Branch.m */ = {isa = PBXFileReference; fileEncoding = 4; lastKnownFileType = sourcecode.c.objc; path = "NSString+Branch.m"; sourceTree = "<group>"; };
		4D99772520AA099D00A63EE1 /* BNCThreads.h */ = {isa = PBXFileReference; fileEncoding = 4; lastKnownFileType = sourcecode.c.h; path = BNCThreads.h; sourceTree = "<group>"; };
		4D99772E20AA09B300A63EE1 /* BNCTestCase.h */ = {isa = PBXFileReference; fileEncoding = 4; lastKnownFileType = sourcecode.c.h; path = BNCTestCase.h; sourceTree = "<group>"; };
		4D99772F20AA09B300A63EE1 /* BNCTestCase.Test.m */ = {isa = PBXFileReference; fileEncoding = 4; lastKnownFileType = sourcecode.c.objc; path = BNCTestCase.Test.m; sourceTree = "<group>"; };
		4D99773020AA09B300A63EE1 /* BNCTestCase.m */ = {isa = PBXFileReference; fileEncoding = 4; lastKnownFileType = sourcecode.c.objc; path = BNCTestCase.m; sourceTree = "<group>"; };
		4D99773120AA09B300A63EE1 /* BNCTestCase.strings */ = {isa = PBXFileReference; fileEncoding = 4; lastKnownFileType = text.plist.strings; path = BNCTestCase.strings; sourceTree = "<group>"; };
		4D99773220AA09B300A63EE1 /* BNCLog.Test.m */ = {isa = PBXFileReference; fileEncoding = 4; lastKnownFileType = sourcecode.c.objc; path = BNCLog.Test.m; sourceTree = "<group>"; };
		4D99773320AA09B300A63EE1 /* BNCThreads.Test.m */ = {isa = PBXFileReference; fileEncoding = 4; lastKnownFileType = sourcecode.c.objc; path = BNCThreads.Test.m; sourceTree = "<group>"; };
		4D99773420AA09B300A63EE1 /* BNCDebug.Test.m */ = {isa = PBXFileReference; fileEncoding = 4; lastKnownFileType = sourcecode.c.objc; path = BNCDebug.Test.m; sourceTree = "<group>"; };
		4D99773520AA09B300A63EE1 /* NSString+Branch.Test.m */ = {isa = PBXFileReference; fileEncoding = 4; lastKnownFileType = sourcecode.c.objc; path = "NSString+Branch.Test.m"; sourceTree = "<group>"; };
		4DC2232120AA10EC005C57D0 /* Branch.modulemap */ = {isa = PBXFileReference; lastKnownFileType = "sourcecode.module-map"; path = Branch.modulemap; sourceTree = "<group>"; };
		4DC2232320AA19A2005C57D0 /* OCMock.framework */ = {isa = PBXFileReference; lastKnownFileType = wrapper.framework; name = OCMock.framework; path = "BranchTests/Vendor/OCMock-3-4-1/OSX/OCMock.framework"; sourceTree = "<group>"; };
		4DC2232720AA262D005C57D0 /* Branch.h */ = {isa = PBXFileReference; lastKnownFileType = sourcecode.c.h; path = Branch.h; sourceTree = "<group>"; };
		4DC2232820AA262D005C57D0 /* Branch.m */ = {isa = PBXFileReference; lastKnownFileType = sourcecode.c.objc; path = Branch.m; sourceTree = "<group>"; };
		4DC2232B20AA3E27005C57D0 /* Branch.Test.m */ = {isa = PBXFileReference; lastKnownFileType = sourcecode.c.objc; path = Branch.Test.m; sourceTree = "<group>"; };
/* End PBXFileReference section */

/* Begin PBXFrameworksBuildPhase section */
		4D54C07120A6560400C76496 /* Frameworks */ = {
			isa = PBXFrameworksBuildPhase;
			buildActionMask = 2147483647;
			files = (
			);
			runOnlyForDeploymentPostprocessing = 0;
		};
		4D54C07B20A6560400C76496 /* Frameworks */ = {
			isa = PBXFrameworksBuildPhase;
			buildActionMask = 2147483647;
			files = (
				4DC2232420AA19A2005C57D0 /* OCMock.framework in Frameworks */,
				4D54C07F20A6560400C76496 /* Branch.framework in Frameworks */,
			);
			runOnlyForDeploymentPostprocessing = 0;
		};
/* End PBXFrameworksBuildPhase section */

/* Begin PBXGroup section */
		4D54C06B20A6560400C76496 = {
			isa = PBXGroup;
			children = (
				4D54C07720A6560400C76496 /* Branch */,
				4D54C08220A6560400C76496 /* BranchTests */,
				4D54C07620A6560400C76496 /* Products */,
				4DC2232220AA19A2005C57D0 /* Frameworks */,
			);
			sourceTree = "<group>";
		};
		4D54C07620A6560400C76496 /* Products */ = {
			isa = PBXGroup;
			children = (
				4D54C07520A6560400C76496 /* Branch.framework */,
				4D54C07E20A6560400C76496 /* BranchTests.xctest */,
			);
			name = Products;
			sourceTree = "<group>";
		};
		4D54C07720A6560400C76496 /* Branch */ = {
			isa = PBXGroup;
			children = (
				4D99772020AA099D00A63EE1 /* BNCDebug.h */,
				4D99771F20AA099D00A63EE1 /* BNCDebug.m */,
				4D99771E20AA099D00A63EE1 /* BNCLog.h */,
				4D99772320AA099D00A63EE1 /* BNCLog.m */,
				4D99772520AA099D00A63EE1 /* BNCThreads.h */,
				4D99772120AA099D00A63EE1 /* BNCThreads.m */,
				4DC2232720AA262D005C57D0 /* Branch.h */,
				4DC2232820AA262D005C57D0 /* Branch.m */,
				4DC2232120AA10EC005C57D0 /* Branch.modulemap */,
				4D54C07820A6560400C76496 /* BranchFramework.h */,
				4D54C07920A6560400C76496 /* Info.plist */,
				4D99772220AA099D00A63EE1 /* NSString+Branch.h */,
				4D99772420AA099D00A63EE1 /* NSString+Branch.m */,
			);
			path = Branch;
			sourceTree = "<group>";
		};
		4D54C08220A6560400C76496 /* BranchTests */ = {
			isa = PBXGroup;
			children = (
				4D99773420AA09B300A63EE1 /* BNCDebug.Test.m */,
				4D99773220AA09B300A63EE1 /* BNCLog.Test.m */,
				4D99772E20AA09B300A63EE1 /* BNCTestCase.h */,
				4D99773020AA09B300A63EE1 /* BNCTestCase.m */,
				4D99773120AA09B300A63EE1 /* BNCTestCase.strings */,
				4D99772F20AA09B300A63EE1 /* BNCTestCase.Test.m */,
				4D99773320AA09B300A63EE1 /* BNCThreads.Test.m */,
				4DC2232B20AA3E27005C57D0 /* Branch.Test.m */,
				4D54C08520A6560400C76496 /* Info.plist */,
				4D99773520AA09B300A63EE1 /* NSString+Branch.Test.m */,
			);
			path = BranchTests;
			sourceTree = "<group>";
		};
		4DC2232220AA19A2005C57D0 /* Frameworks */ = {
			isa = PBXGroup;
			children = (
				4DC2232320AA19A2005C57D0 /* OCMock.framework */,
			);
			name = Frameworks;
			sourceTree = "<group>";
		};
/* End PBXGroup section */

/* Begin PBXHeadersBuildPhase section */
		4D54C07220A6560400C76496 /* Headers */ = {
			isa = PBXHeadersBuildPhase;
			buildActionMask = 2147483647;
			files = (
				4D99772A20AA099D00A63EE1 /* NSString+Branch.h in Headers */,
				4D99772820AA099D00A63EE1 /* BNCDebug.h in Headers */,
				4DC2232920AA262D005C57D0 /* Branch.h in Headers */,
				4D54C08620A6560400C76496 /* BranchFramework.h in Headers */,
				4D99772D20AA099D00A63EE1 /* BNCThreads.h in Headers */,
				4D99772620AA099D00A63EE1 /* BNCLog.h in Headers */,
			);
			runOnlyForDeploymentPostprocessing = 0;
		};
/* End PBXHeadersBuildPhase section */

/* Begin PBXNativeTarget section */
		4D54C07420A6560400C76496 /* Branch */ = {
			isa = PBXNativeTarget;
			buildConfigurationList = 4D54C08920A6560400C76496 /* Build configuration list for PBXNativeTarget "Branch" */;
			buildPhases = (
				4D54C07020A6560400C76496 /* Sources */,
				4D54C07120A6560400C76496 /* Frameworks */,
				4D54C07220A6560400C76496 /* Headers */,
				4D54C07320A6560400C76496 /* Resources */,
			);
			buildRules = (
			);
			dependencies = (
			);
			name = Branch;
			productName = "Branch-SDK-Mac";
			productReference = 4D54C07520A6560400C76496 /* Branch.framework */;
			productType = "com.apple.product-type.framework";
		};
		4D54C07D20A6560400C76496 /* BranchTests */ = {
			isa = PBXNativeTarget;
			buildConfigurationList = 4D54C08C20A6560400C76496 /* Build configuration list for PBXNativeTarget "BranchTests" */;
			buildPhases = (
				4D54C07A20A6560400C76496 /* Sources */,
				4D54C07B20A6560400C76496 /* Frameworks */,
				4D54C07C20A6560400C76496 /* Resources */,
				4DC2232520AA1A89005C57D0 /* CopyFiles */,
			);
			buildRules = (
			);
			dependencies = (
				4D54C08120A6560400C76496 /* PBXTargetDependency */,
			);
			name = BranchTests;
			productName = "Branch-SDK-MacTests";
			productReference = 4D54C07E20A6560400C76496 /* BranchTests.xctest */;
			productType = "com.apple.product-type.bundle.unit-test";
		};
/* End PBXNativeTarget section */

/* Begin PBXProject section */
		4D54C06C20A6560400C76496 /* Project object */ = {
			isa = PBXProject;
			attributes = {
				CLASSPREFIX = BNC;
				LastUpgradeCheck = 0930;
				ORGANIZATIONNAME = Branch;
				TargetAttributes = {
					4D54C07420A6560400C76496 = {
						CreatedOnToolsVersion = 9.3;
						ProvisioningStyle = Automatic;
					};
					4D54C07D20A6560400C76496 = {
						CreatedOnToolsVersion = 9.3;
						ProvisioningStyle = Automatic;
					};
				};
			};
			buildConfigurationList = 4D54C06F20A6560400C76496 /* Build configuration list for PBXProject "Branch" */;
			compatibilityVersion = "Xcode 8.0";
			developmentRegion = en;
			hasScannedForEncodings = 0;
			knownRegions = (
				en,
			);
			mainGroup = 4D54C06B20A6560400C76496;
			productRefGroup = 4D54C07620A6560400C76496 /* Products */;
			projectDirPath = "";
			projectRoot = "";
			targets = (
				4D54C07420A6560400C76496 /* Branch */,
				4D54C07D20A6560400C76496 /* BranchTests */,
			);
		};
/* End PBXProject section */

/* Begin PBXResourcesBuildPhase section */
		4D54C07320A6560400C76496 /* Resources */ = {
			isa = PBXResourcesBuildPhase;
			buildActionMask = 2147483647;
			files = (
			);
			runOnlyForDeploymentPostprocessing = 0;
		};
		4D54C07C20A6560400C76496 /* Resources */ = {
			isa = PBXResourcesBuildPhase;
			buildActionMask = 2147483647;
			files = (
				4D99773820AA09B300A63EE1 /* BNCTestCase.strings in Resources */,
			);
			runOnlyForDeploymentPostprocessing = 0;
		};
/* End PBXResourcesBuildPhase section */

/* Begin PBXSourcesBuildPhase section */
		4D54C07020A6560400C76496 /* Sources */ = {
			isa = PBXSourcesBuildPhase;
			buildActionMask = 2147483647;
			files = (
				4D99772720AA099D00A63EE1 /* BNCDebug.m in Sources */,
				4D99772C20AA099D00A63EE1 /* NSString+Branch.m in Sources */,
				4DC2232A20AA262D005C57D0 /* Branch.m in Sources */,
				4D99772B20AA099D00A63EE1 /* BNCLog.m in Sources */,
				4D99772920AA099D00A63EE1 /* BNCThreads.m in Sources */,
			);
			runOnlyForDeploymentPostprocessing = 0;
		};
		4D54C07A20A6560400C76496 /* Sources */ = {
			isa = PBXSourcesBuildPhase;
			buildActionMask = 2147483647;
			files = (
				4D99773620AA09B300A63EE1 /* BNCTestCase.Test.m in Sources */,
				4DC2232C20AA3E27005C57D0 /* Branch.Test.m in Sources */,
				4D99773A20AA09B300A63EE1 /* BNCThreads.Test.m in Sources */,
				4D99773720AA09B300A63EE1 /* BNCTestCase.m in Sources */,
				4D99773C20AA09B300A63EE1 /* NSString+Branch.Test.m in Sources */,
				4D99773B20AA09B300A63EE1 /* BNCDebug.Test.m in Sources */,
				4D99773920AA09B300A63EE1 /* BNCLog.Test.m in Sources */,
			);
			runOnlyForDeploymentPostprocessing = 0;
		};
/* End PBXSourcesBuildPhase section */

/* Begin PBXTargetDependency section */
		4D54C08120A6560400C76496 /* PBXTargetDependency */ = {
			isa = PBXTargetDependency;
			target = 4D54C07420A6560400C76496 /* Branch */;
			targetProxy = 4D54C08020A6560400C76496 /* PBXContainerItemProxy */;
		};
/* End PBXTargetDependency section */

/* Begin XCBuildConfiguration section */
		4D54C08720A6560400C76496 /* Debug */ = {
			isa = XCBuildConfiguration;
			buildSettings = {
				ALWAYS_SEARCH_USER_PATHS = NO;
				CLANG_ANALYZER_NONNULL = YES;
				CLANG_ANALYZER_NUMBER_OBJECT_CONVERSION = YES_AGGRESSIVE;
				CLANG_CXX_LANGUAGE_STANDARD = "gnu++14";
				CLANG_CXX_LIBRARY = "libc++";
				CLANG_ENABLE_MODULES = YES;
				CLANG_ENABLE_OBJC_ARC = YES;
				CLANG_ENABLE_OBJC_WEAK = YES;
				CLANG_WARN_BLOCK_CAPTURE_AUTORELEASING = YES;
				CLANG_WARN_BOOL_CONVERSION = YES;
				CLANG_WARN_COMMA = YES;
				CLANG_WARN_CONSTANT_CONVERSION = YES;
				CLANG_WARN_DEPRECATED_OBJC_IMPLEMENTATIONS = YES;
				CLANG_WARN_DIRECT_OBJC_ISA_USAGE = YES_ERROR;
				CLANG_WARN_DOCUMENTATION_COMMENTS = YES;
				CLANG_WARN_EMPTY_BODY = YES;
				CLANG_WARN_ENUM_CONVERSION = YES;
				CLANG_WARN_INFINITE_RECURSION = YES;
				CLANG_WARN_INT_CONVERSION = YES;
				CLANG_WARN_NON_LITERAL_NULL_CONVERSION = YES;
				CLANG_WARN_OBJC_IMPLICIT_RETAIN_SELF = YES;
				CLANG_WARN_OBJC_LITERAL_CONVERSION = YES;
				CLANG_WARN_OBJC_ROOT_CLASS = YES_ERROR;
				CLANG_WARN_RANGE_LOOP_ANALYSIS = YES;
				CLANG_WARN_STRICT_PROTOTYPES = YES;
				CLANG_WARN_SUSPICIOUS_MOVE = YES;
				CLANG_WARN_UNGUARDED_AVAILABILITY = YES_AGGRESSIVE;
				CLANG_WARN_UNREACHABLE_CODE = YES;
				CLANG_WARN__DUPLICATE_METHOD_MATCH = YES;
				CODE_SIGN_IDENTITY = "Mac Developer";
				COPY_PHASE_STRIP = NO;
				CURRENT_PROJECT_VERSION = 3.1.2;
				DEBUG_INFORMATION_FORMAT = dwarf;
				ENABLE_STRICT_OBJC_MSGSEND = YES;
				ENABLE_TESTABILITY = YES;
				GCC_C_LANGUAGE_STANDARD = gnu11;
				GCC_DYNAMIC_NO_PIC = NO;
				GCC_NO_COMMON_BLOCKS = YES;
				GCC_OPTIMIZATION_LEVEL = 0;
				GCC_PREPROCESSOR_DEFINITIONS = (
					"DEBUG=1",
					"$(inherited)",
				);
				GCC_WARN_64_TO_32_BIT_CONVERSION = YES;
				GCC_WARN_ABOUT_RETURN_TYPE = YES_ERROR;
				GCC_WARN_UNDECLARED_SELECTOR = YES;
				GCC_WARN_UNINITIALIZED_AUTOS = YES_AGGRESSIVE;
				GCC_WARN_UNUSED_FUNCTION = YES;
				GCC_WARN_UNUSED_VARIABLE = YES;
				MACOSX_DEPLOYMENT_TARGET = 10.10;
				MTL_ENABLE_DEBUG_INFO = YES;
				ONLY_ACTIVE_ARCH = YES;
				SDKROOT = macosx;
				VERSIONING_SYSTEM = "apple-generic";
				VERSION_INFO_PREFIX = "";
			};
			name = Debug;
		};
		4D54C08820A6560400C76496 /* Release */ = {
			isa = XCBuildConfiguration;
			buildSettings = {
				ALWAYS_SEARCH_USER_PATHS = NO;
				CLANG_ANALYZER_NONNULL = YES;
				CLANG_ANALYZER_NUMBER_OBJECT_CONVERSION = YES_AGGRESSIVE;
				CLANG_CXX_LANGUAGE_STANDARD = "gnu++14";
				CLANG_CXX_LIBRARY = "libc++";
				CLANG_ENABLE_MODULES = YES;
				CLANG_ENABLE_OBJC_ARC = YES;
				CLANG_ENABLE_OBJC_WEAK = YES;
				CLANG_WARN_BLOCK_CAPTURE_AUTORELEASING = YES;
				CLANG_WARN_BOOL_CONVERSION = YES;
				CLANG_WARN_COMMA = YES;
				CLANG_WARN_CONSTANT_CONVERSION = YES;
				CLANG_WARN_DEPRECATED_OBJC_IMPLEMENTATIONS = YES;
				CLANG_WARN_DIRECT_OBJC_ISA_USAGE = YES_ERROR;
				CLANG_WARN_DOCUMENTATION_COMMENTS = YES;
				CLANG_WARN_EMPTY_BODY = YES;
				CLANG_WARN_ENUM_CONVERSION = YES;
				CLANG_WARN_INFINITE_RECURSION = YES;
				CLANG_WARN_INT_CONVERSION = YES;
				CLANG_WARN_NON_LITERAL_NULL_CONVERSION = YES;
				CLANG_WARN_OBJC_IMPLICIT_RETAIN_SELF = YES;
				CLANG_WARN_OBJC_LITERAL_CONVERSION = YES;
				CLANG_WARN_OBJC_ROOT_CLASS = YES_ERROR;
				CLANG_WARN_RANGE_LOOP_ANALYSIS = YES;
				CLANG_WARN_STRICT_PROTOTYPES = YES;
				CLANG_WARN_SUSPICIOUS_MOVE = YES;
				CLANG_WARN_UNGUARDED_AVAILABILITY = YES_AGGRESSIVE;
				CLANG_WARN_UNREACHABLE_CODE = YES;
				CLANG_WARN__DUPLICATE_METHOD_MATCH = YES;
				CODE_SIGN_IDENTITY = "Mac Developer";
				COPY_PHASE_STRIP = NO;
				CURRENT_PROJECT_VERSION = 3.1.2;
				DEBUG_INFORMATION_FORMAT = "dwarf-with-dsym";
				ENABLE_NS_ASSERTIONS = NO;
				ENABLE_STRICT_OBJC_MSGSEND = YES;
				GCC_C_LANGUAGE_STANDARD = gnu11;
				GCC_NO_COMMON_BLOCKS = YES;
				GCC_WARN_64_TO_32_BIT_CONVERSION = YES;
				GCC_WARN_ABOUT_RETURN_TYPE = YES_ERROR;
				GCC_WARN_UNDECLARED_SELECTOR = YES;
				GCC_WARN_UNINITIALIZED_AUTOS = YES_AGGRESSIVE;
				GCC_WARN_UNUSED_FUNCTION = YES;
				GCC_WARN_UNUSED_VARIABLE = YES;
				MACOSX_DEPLOYMENT_TARGET = 10.10;
				MTL_ENABLE_DEBUG_INFO = NO;
				SDKROOT = macosx;
				VERSIONING_SYSTEM = "apple-generic";
				VERSION_INFO_PREFIX = "";
			};
			name = Release;
		};
		4D54C08A20A6560400C76496 /* Debug */ = {
			isa = XCBuildConfiguration;
			buildSettings = {
				APPLICATION_EXTENSION_API_ONLY = YES;
				CODE_SIGN_IDENTITY = "";
				CODE_SIGN_STYLE = Automatic;
				COMBINE_HIDPI_IMAGES = YES;
				DEFINES_MODULE = YES;
				DEVELOPMENT_TEAM = R63EM248DP;
				DYLIB_COMPATIBILITY_VERSION = 1;
				DYLIB_CURRENT_VERSION = 1;
				DYLIB_INSTALL_NAME_BASE = "@rpath";
				FRAMEWORK_VERSION = A;
				INFOPLIST_FILE = "$(SRCROOT)/Branch/Info.plist";
				INSTALL_PATH = "$(LOCAL_LIBRARY_DIR)/Frameworks";
				LD_RUNPATH_SEARCH_PATHS = "$(inherited) @executable_path/../Frameworks @loader_path/Frameworks";
				MACOSX_DEPLOYMENT_TARGET = 10.10;
				MODULEMAP_FILE = Branch/Branch.modulemap;
				PRODUCT_BUNDLE_IDENTIFIER = io.branch.sdk.mac;
				PRODUCT_NAME = "$(TARGET_NAME:c99extidentifier)";
				SKIP_INSTALL = YES;
			};
			name = Debug;
		};
		4D54C08B20A6560400C76496 /* Release */ = {
			isa = XCBuildConfiguration;
			buildSettings = {
				APPLICATION_EXTENSION_API_ONLY = YES;
				CODE_SIGN_IDENTITY = "";
				CODE_SIGN_STYLE = Automatic;
				COMBINE_HIDPI_IMAGES = YES;
				DEFINES_MODULE = YES;
				DEVELOPMENT_TEAM = R63EM248DP;
				DYLIB_COMPATIBILITY_VERSION = 1;
				DYLIB_CURRENT_VERSION = 1;
				DYLIB_INSTALL_NAME_BASE = "@rpath";
				FRAMEWORK_VERSION = A;
				INFOPLIST_FILE = "$(SRCROOT)/Branch/Info.plist";
				INSTALL_PATH = "$(LOCAL_LIBRARY_DIR)/Frameworks";
				LD_RUNPATH_SEARCH_PATHS = "$(inherited) @executable_path/../Frameworks @loader_path/Frameworks";
				MACOSX_DEPLOYMENT_TARGET = 10.10;
				MODULEMAP_FILE = Branch/Branch.modulemap;
				PRODUCT_BUNDLE_IDENTIFIER = io.branch.sdk.mac;
				PRODUCT_NAME = "$(TARGET_NAME:c99extidentifier)";
				SKIP_INSTALL = YES;
			};
			name = Release;
		};
		4D54C08D20A6560400C76496 /* Debug */ = {
			isa = XCBuildConfiguration;
			buildSettings = {
				CODE_SIGN_STYLE = Automatic;
				COMBINE_HIDPI_IMAGES = YES;
				DEVELOPMENT_TEAM = R63EM248DP;
				FRAMEWORK_SEARCH_PATHS = (
					"$(inherited)",
					"$(PROJECT_DIR)/BranchTests/Vendor/OCMock-3-4-1/OSX",
				);
				INFOPLIST_FILE = BranchTests/Info.plist;
				LD_RUNPATH_SEARCH_PATHS = "$(inherited) @executable_path/../Frameworks @loader_path/../Frameworks";
				PRODUCT_BUNDLE_IDENTIFIER = "io.branch.Branch-SDK-MacTests";
				PRODUCT_NAME = "$(TARGET_NAME)";
			};
			name = Debug;
		};
		4D54C08E20A6560400C76496 /* Release */ = {
			isa = XCBuildConfiguration;
			buildSettings = {
				CODE_SIGN_STYLE = Automatic;
				COMBINE_HIDPI_IMAGES = YES;
				DEVELOPMENT_TEAM = R63EM248DP;
				FRAMEWORK_SEARCH_PATHS = (
					"$(inherited)",
					"$(PROJECT_DIR)/BranchTests/Vendor/OCMock-3-4-1/OSX",
				);
				INFOPLIST_FILE = BranchTests/Info.plist;
				LD_RUNPATH_SEARCH_PATHS = "$(inherited) @executable_path/../Frameworks @loader_path/../Frameworks";
				PRODUCT_BUNDLE_IDENTIFIER = "io.branch.Branch-SDK-MacTests";
				PRODUCT_NAME = "$(TARGET_NAME)";
			};
			name = Release;
		};
/* End XCBuildConfiguration section */

/* Begin XCConfigurationList section */
		4D54C06F20A6560400C76496 /* Build configuration list for PBXProject "Branch" */ = {
			isa = XCConfigurationList;
			buildConfigurations = (
				4D54C08720A6560400C76496 /* Debug */,
				4D54C08820A6560400C76496 /* Release */,
			);
			defaultConfigurationIsVisible = 0;
			defaultConfigurationName = Release;
		};
		4D54C08920A6560400C76496 /* Build configuration list for PBXNativeTarget "Branch" */ = {
			isa = XCConfigurationList;
			buildConfigurations = (
				4D54C08A20A6560400C76496 /* Debug */,
				4D54C08B20A6560400C76496 /* Release */,
			);
			defaultConfigurationIsVisible = 0;
			defaultConfigurationName = Release;
		};
		4D54C08C20A6560400C76496 /* Build configuration list for PBXNativeTarget "BranchTests" */ = {
			isa = XCConfigurationList;
			buildConfigurations = (
				4D54C08D20A6560400C76496 /* Debug */,
				4D54C08E20A6560400C76496 /* Release */,
			);
			defaultConfigurationIsVisible = 0;
			defaultConfigurationName = Release;
		};
/* End XCConfigurationList section */
	};
	rootObject = 4D54C06C20A6560400C76496 /* Project object */;
}
