// !$*UTF8*$!
{
	archiveVersion = 1;
	classes = {
	};
	objectVersion = 50;
	objects = {

/* Begin PBXBuildFile section */
		4D20107C20B5D4C2009C490A /* OCMock.framework in Frameworks */ = {isa = PBXBuildFile; fileRef = 4D20107B20B5D4C2009C490A /* OCMock.framework */; };
		4D20107D20B5D51C009C490A /* BranchUniversalObject.Test.m in Sources */ = {isa = PBXBuildFile; fileRef = 4DB0280B20B5D17A00D5F19A /* BranchUniversalObject.Test.m */; };
		4DB0281020B5D17B00D5F19A /* BNCDevice.Test.m in Sources */ = {isa = PBXBuildFile; fileRef = 4DB027F820B5D17900D5F19A /* BNCDevice.Test.m */; };
		4DB0281120B5D17B00D5F19A /* BNCTestCase.Test.m in Sources */ = {isa = PBXBuildFile; fileRef = 4DB027F920B5D17900D5F19A /* BNCTestCase.Test.m */; };
		4DB0281320B5D17B00D5F19A /* BNCEncoder.Test.m in Sources */ = {isa = PBXBuildFile; fileRef = 4DB027FB20B5D17900D5F19A /* BNCEncoder.Test.m */; };
		4DB0281420B5D17B00D5F19A /* BNCLog.Test.m in Sources */ = {isa = PBXBuildFile; fileRef = 4DB027FC20B5D17900D5F19A /* BNCLog.Test.m */; };
		4DB0281620B5D17B00D5F19A /* BNCKeyChain.Test.m in Sources */ = {isa = PBXBuildFile; fileRef = 4DB027FE20B5D17900D5F19A /* BNCKeyChain.Test.m */; };
		4DB0281720B5D17B00D5F19A /* BNCThreads.Test.m in Sources */ = {isa = PBXBuildFile; fileRef = 4DB027FF20B5D17900D5F19A /* BNCThreads.Test.m */; };
		4DB0281820B5D17B00D5F19A /* BNCDebug.Test.m in Sources */ = {isa = PBXBuildFile; fileRef = 4DB0280020B5D17900D5F19A /* BNCDebug.Test.m */; };
		4DB0281A20B5D17B00D5F19A /* BNCPersistence.Test.m in Sources */ = {isa = PBXBuildFile; fileRef = 4DB0280420B5D17A00D5F19A /* BNCPersistence.Test.m */; };
		4DB0281B20B5D17B00D5F19A /* BNCLocalization.Test.m in Sources */ = {isa = PBXBuildFile; fileRef = 4DB0280520B5D17A00D5F19A /* BNCLocalization.Test.m */; };
		4DB0281C20B5D17B00D5F19A /* BNCApplication.Test.m in Sources */ = {isa = PBXBuildFile; fileRef = 4DB0280620B5D17A00D5F19A /* BNCApplication.Test.m */; };
		4DB0281D20B5D17B00D5F19A /* BNCSettings.Test.m in Sources */ = {isa = PBXBuildFile; fileRef = 4DB0280720B5D17A00D5F19A /* BNCSettings.Test.m */; };
		4DB0281E20B5D17B00D5F19A /* BNCTestCase.m in Sources */ = {isa = PBXBuildFile; fileRef = 4DB0280820B5D17A00D5F19A /* BNCTestCase.m */; };
		4DB0281F20B5D17B00D5F19A /* BNCTestCase.strings in Resources */ = {isa = PBXBuildFile; fileRef = 4DB0280920B5D17A00D5F19A /* BNCTestCase.strings */; };
		4DB0282020B5D17B00D5F19A /* Branch.Test.m in Sources */ = {isa = PBXBuildFile; fileRef = 4DB0280A20B5D17A00D5F19A /* Branch.Test.m */; };
		4DB0282220B5D17B00D5F19A /* BNCApplication+BNCTest.m in Sources */ = {isa = PBXBuildFile; fileRef = 4DB0280C20B5D17A00D5F19A /* BNCApplication+BNCTest.m */; };
		4DB0282320B5D17B00D5F19A /* NSString+Branch.Test.m in Sources */ = {isa = PBXBuildFile; fileRef = 4DB0280D20B5D17A00D5F19A /* NSString+Branch.Test.m */; };
		4DB0282420B5D17B00D5F19A /* BranchError.Test.m in Sources */ = {isa = PBXBuildFile; fileRef = 4DB0280F20B5D17B00D5F19A /* BranchError.Test.m */; };
		4DED371C20B5D86C00A0750E /* OCMock.framework in CopyFiles */ = {isa = PBXBuildFile; fileRef = 4D20107B20B5D4C2009C490A /* OCMock.framework */; settings = {ATTRIBUTES = (CodeSignOnCopy, RemoveHeadersOnCopy, ); }; };
/* End PBXBuildFile section */

/* Begin PBXContainerItemProxy section */
		4D20108320B5D55A009C490A /* PBXContainerItemProxy */ = {
			isa = PBXContainerItemProxy;
			containerPortal = 4D20107E20B5D55A009C490A /* Branch.xcodeproj */;
			proxyType = 2;
			remoteGlobalIDString = 4D54C07520A6560400C76496;
			remoteInfo = Branch;
		};
		4D20108720B5D579009C490A /* PBXContainerItemProxy */ = {
			isa = PBXContainerItemProxy;
			containerPortal = 4D20107E20B5D55A009C490A /* Branch.xcodeproj */;
			proxyType = 1;
			remoteGlobalIDString = 4D54C07420A6560400C76496;
			remoteInfo = Branch;
		};
/* End PBXContainerItemProxy section */

/* Begin PBXCopyFilesBuildPhase section */
		4DED371B20B5D85D00A0750E /* CopyFiles */ = {
			isa = PBXCopyFilesBuildPhase;
			buildActionMask = 2147483647;
			dstPath = "";
			dstSubfolderSpec = 10;
			files = (
				4DED371C20B5D86C00A0750E /* OCMock.framework in CopyFiles */,
			);
			runOnlyForDeploymentPostprocessing = 0;
		};
/* End PBXCopyFilesBuildPhase section */

/* Begin PBXFileReference section */
		4D20107B20B5D4C2009C490A /* OCMock.framework */ = {isa = PBXFileReference; lastKnownFileType = wrapper.framework; name = OCMock.framework; path = "BranchTests/Vendor/OCMock-3-4-1/OSX/OCMock.framework"; sourceTree = "<group>"; };
		4D20107E20B5D55A009C490A /* Branch.xcodeproj */ = {isa = PBXFileReference; lastKnownFileType = "wrapper.pb-project"; path = Branch.xcodeproj; sourceTree = "<group>"; };
		4DB027EF20B5D0BD00D5F19A /* BranchTests.xctest */ = {isa = PBXFileReference; explicitFileType = wrapper.cfbundle; includeInIndex = 0; path = BranchTests.xctest; sourceTree = BUILT_PRODUCTS_DIR; };
		4DB027F220B5D0BD00D5F19A /* Info.plist */ = {isa = PBXFileReference; lastKnownFileType = text.plist.xml; path = Info.plist; sourceTree = "<group>"; };
		4DB027F820B5D17900D5F19A /* BNCDevice.Test.m */ = {isa = PBXFileReference; fileEncoding = 4; lastKnownFileType = sourcecode.c.objc; path = BNCDevice.Test.m; sourceTree = "<group>"; };
		4DB027F920B5D17900D5F19A /* BNCTestCase.Test.m */ = {isa = PBXFileReference; fileEncoding = 4; lastKnownFileType = sourcecode.c.objc; path = BNCTestCase.Test.m; sourceTree = "<group>"; };
		4DB027FA20B5D17900D5F19A /* BranchDelegate.Test.m */ = {isa = PBXFileReference; fileEncoding = 4; lastKnownFileType = sourcecode.c.objc; path = BranchDelegate.Test.m; sourceTree = "<group>"; };
		4DB027FB20B5D17900D5F19A /* BNCEncoder.Test.m */ = {isa = PBXFileReference; fileEncoding = 4; lastKnownFileType = sourcecode.c.objc; path = BNCEncoder.Test.m; sourceTree = "<group>"; };
		4DB027FC20B5D17900D5F19A /* BNCLog.Test.m */ = {isa = PBXFileReference; fileEncoding = 4; lastKnownFileType = sourcecode.c.objc; path = BNCLog.Test.m; sourceTree = "<group>"; };
		4DB027FD20B5D17900D5F19A /* BranchEvent.Test.m */ = {isa = PBXFileReference; fileEncoding = 4; lastKnownFileType = sourcecode.c.objc; path = BranchEvent.Test.m; sourceTree = "<group>"; };
		4DB027FE20B5D17900D5F19A /* BNCKeyChain.Test.m */ = {isa = PBXFileReference; fileEncoding = 4; lastKnownFileType = sourcecode.c.objc; path = BNCKeyChain.Test.m; sourceTree = "<group>"; };
		4DB027FF20B5D17900D5F19A /* BNCThreads.Test.m */ = {isa = PBXFileReference; fileEncoding = 4; lastKnownFileType = sourcecode.c.objc; path = BNCThreads.Test.m; sourceTree = "<group>"; };
		4DB0280020B5D17900D5F19A /* BNCDebug.Test.m */ = {isa = PBXFileReference; fileEncoding = 4; lastKnownFileType = sourcecode.c.objc; path = BNCDebug.Test.m; sourceTree = "<group>"; };
		4DB0280120B5D17A00D5F19A /* BranchEvent.Test.swift */ = {isa = PBXFileReference; fileEncoding = 4; lastKnownFileType = sourcecode.swift; path = BranchEvent.Test.swift; sourceTree = "<group>"; };
		4DB0280220B5D17A00D5F19A /* BranchTests-Bridging-Header.h */ = {isa = PBXFileReference; fileEncoding = 4; lastKnownFileType = sourcecode.c.h; path = "BranchTests-Bridging-Header.h"; sourceTree = "<group>"; };
		4DB0280320B5D17A00D5F19A /* BNCTestCase.h */ = {isa = PBXFileReference; fileEncoding = 4; lastKnownFileType = sourcecode.c.h; path = BNCTestCase.h; sourceTree = "<group>"; };
		4DB0280420B5D17A00D5F19A /* BNCPersistence.Test.m */ = {isa = PBXFileReference; fileEncoding = 4; lastKnownFileType = sourcecode.c.objc; path = BNCPersistence.Test.m; sourceTree = "<group>"; };
		4DB0280520B5D17A00D5F19A /* BNCLocalization.Test.m */ = {isa = PBXFileReference; fileEncoding = 4; lastKnownFileType = sourcecode.c.objc; path = BNCLocalization.Test.m; sourceTree = "<group>"; };
		4DB0280620B5D17A00D5F19A /* BNCApplication.Test.m */ = {isa = PBXFileReference; fileEncoding = 4; lastKnownFileType = sourcecode.c.objc; path = BNCApplication.Test.m; sourceTree = "<group>"; };
		4DB0280720B5D17A00D5F19A /* BNCSettings.Test.m */ = {isa = PBXFileReference; fileEncoding = 4; lastKnownFileType = sourcecode.c.objc; path = BNCSettings.Test.m; sourceTree = "<group>"; };
		4DB0280820B5D17A00D5F19A /* BNCTestCase.m */ = {isa = PBXFileReference; fileEncoding = 4; lastKnownFileType = sourcecode.c.objc; path = BNCTestCase.m; sourceTree = "<group>"; };
		4DB0280920B5D17A00D5F19A /* BNCTestCase.strings */ = {isa = PBXFileReference; fileEncoding = 4; lastKnownFileType = text.plist.strings; path = BNCTestCase.strings; sourceTree = "<group>"; };
		4DB0280A20B5D17A00D5F19A /* Branch.Test.m */ = {isa = PBXFileReference; fileEncoding = 4; lastKnownFileType = sourcecode.c.objc; path = Branch.Test.m; sourceTree = "<group>"; };
		4DB0280B20B5D17A00D5F19A /* BranchUniversalObject.Test.m */ = {isa = PBXFileReference; fileEncoding = 4; lastKnownFileType = sourcecode.c.objc; path = BranchUniversalObject.Test.m; sourceTree = "<group>"; };
		4DB0280C20B5D17A00D5F19A /* BNCApplication+BNCTest.m */ = {isa = PBXFileReference; fileEncoding = 4; lastKnownFileType = sourcecode.c.objc; path = "BNCApplication+BNCTest.m"; sourceTree = "<group>"; };
		4DB0280D20B5D17A00D5F19A /* NSString+Branch.Test.m */ = {isa = PBXFileReference; fileEncoding = 4; lastKnownFileType = sourcecode.c.objc; path = "NSString+Branch.Test.m"; sourceTree = "<group>"; };
		4DB0280E20B5D17A00D5F19A /* BNCApplication+BNCTest.h */ = {isa = PBXFileReference; fileEncoding = 4; lastKnownFileType = sourcecode.c.h; path = "BNCApplication+BNCTest.h"; sourceTree = "<group>"; };
		4DB0280F20B5D17B00D5F19A /* BranchError.Test.m */ = {isa = PBXFileReference; fileEncoding = 4; lastKnownFileType = sourcecode.c.objc; path = BranchError.Test.m; sourceTree = "<group>"; };
/* End PBXFileReference section */

/* Begin PBXFrameworksBuildPhase section */
		4DB027EC20B5D0BD00D5F19A /* Frameworks */ = {
			isa = PBXFrameworksBuildPhase;
			buildActionMask = 2147483647;
			files = (
				4D20107C20B5D4C2009C490A /* OCMock.framework in Frameworks */,
			);
			runOnlyForDeploymentPostprocessing = 0;
		};
/* End PBXFrameworksBuildPhase section */

/* Begin PBXGroup section */
		4D20107A20B5D4C1009C490A /* Frameworks */ = {
			isa = PBXGroup;
			children = (
				4D20107B20B5D4C2009C490A /* OCMock.framework */,
			);
			name = Frameworks;
			sourceTree = "<group>";
		};
		4D20107F20B5D55A009C490A /* Products */ = {
			isa = PBXGroup;
			children = (
				4D20108420B5D55A009C490A /* Branch.framework */,
			);
			name = Products;
			sourceTree = "<group>";
		};
		4DB027E620B5D0BD00D5F19A = {
			isa = PBXGroup;
			children = (
				4D20107E20B5D55A009C490A /* Branch.xcodeproj */,
				4DB027F120B5D0BD00D5F19A /* BranchTests */,
				4DB027F020B5D0BD00D5F19A /* Products */,
				4D20107A20B5D4C1009C490A /* Frameworks */,
			);
			sourceTree = "<group>";
		};
		4DB027F020B5D0BD00D5F19A /* Products */ = {
			isa = PBXGroup;
			children = (
				4DB027EF20B5D0BD00D5F19A /* BranchTests.xctest */,
			);
			name = Products;
			sourceTree = "<group>";
		};
		4DB027F120B5D0BD00D5F19A /* BranchTests */ = {
			isa = PBXGroup;
			children = (
				4DB0280620B5D17A00D5F19A /* BNCApplication.Test.m */,
				4DB0280E20B5D17A00D5F19A /* BNCApplication+BNCTest.h */,
				4DB0280C20B5D17A00D5F19A /* BNCApplication+BNCTest.m */,
				4DB0280020B5D17900D5F19A /* BNCDebug.Test.m */,
				4DB027F820B5D17900D5F19A /* BNCDevice.Test.m */,
				4DB027FB20B5D17900D5F19A /* BNCEncoder.Test.m */,
				4DB027FE20B5D17900D5F19A /* BNCKeyChain.Test.m */,
				4DB0280520B5D17A00D5F19A /* BNCLocalization.Test.m */,
				4DB027FC20B5D17900D5F19A /* BNCLog.Test.m */,
				4DB0280420B5D17A00D5F19A /* BNCPersistence.Test.m */,
				4DB0280720B5D17A00D5F19A /* BNCSettings.Test.m */,
				4DB0280320B5D17A00D5F19A /* BNCTestCase.h */,
				4DB0280820B5D17A00D5F19A /* BNCTestCase.m */,
				4DB0280920B5D17A00D5F19A /* BNCTestCase.strings */,
				4DB027F920B5D17900D5F19A /* BNCTestCase.Test.m */,
				4DB027FF20B5D17900D5F19A /* BNCThreads.Test.m */,
				4DB0280A20B5D17A00D5F19A /* Branch.Test.m */,
				4DB027FA20B5D17900D5F19A /* BranchDelegate.Test.m */,
				4DB0280F20B5D17B00D5F19A /* BranchError.Test.m */,
				4DB027FD20B5D17900D5F19A /* BranchEvent.Test.m */,
				4DB0280120B5D17A00D5F19A /* BranchEvent.Test.swift */,
				4DB0280220B5D17A00D5F19A /* BranchTests-Bridging-Header.h */,
				4DB0280B20B5D17A00D5F19A /* BranchUniversalObject.Test.m */,
				4DB027F220B5D0BD00D5F19A /* Info.plist */,
				4DB0280D20B5D17A00D5F19A /* NSString+Branch.Test.m */,
			);
			path = BranchTests;
			sourceTree = "<group>";
		};
/* End PBXGroup section */

/* Begin PBXNativeTarget section */
		4DB027EE20B5D0BD00D5F19A /* BranchTests */ = {
			isa = PBXNativeTarget;
			buildConfigurationList = 4DB027F520B5D0BD00D5F19A /* Build configuration list for PBXNativeTarget "BranchTests" */;
			buildPhases = (
				4DB027EB20B5D0BD00D5F19A /* Sources */,
				4DB027EC20B5D0BD00D5F19A /* Frameworks */,
				4DB027ED20B5D0BD00D5F19A /* Resources */,
				4DED371B20B5D85D00A0750E /* CopyFiles */,
			);
			buildRules = (
			);
			dependencies = (
				4D20108820B5D579009C490A /* PBXTargetDependency */,
			);
			name = BranchTests;
			productName = BranchTests1;
			productReference = 4DB027EF20B5D0BD00D5F19A /* BranchTests.xctest */;
			productType = "com.apple.product-type.bundle.unit-test";
		};
/* End PBXNativeTarget section */

/* Begin PBXProject section */
		4DB027E720B5D0BD00D5F19A /* Project object */ = {
			isa = PBXProject;
			attributes = {
				CLASSPREFIX = BNC;
				LastUpgradeCheck = 0930;
				ORGANIZATIONNAME = Branch;
				TargetAttributes = {
					4DB027EE20B5D0BD00D5F19A = {
						CreatedOnToolsVersion = 9.3.1;
						LastSwiftMigration = 0930;
					};
				};
			};
			buildConfigurationList = 4DB027EA20B5D0BD00D5F19A /* Build configuration list for PBXProject "BranchTests" */;
			compatibilityVersion = "Xcode 9.3";
			developmentRegion = en;
			hasScannedForEncodings = 0;
			knownRegions = (
				en,
			);
			mainGroup = 4DB027E620B5D0BD00D5F19A;
			productRefGroup = 4DB027F020B5D0BD00D5F19A /* Products */;
			projectDirPath = "";
			projectReferences = (
				{
					ProductGroup = 4D20107F20B5D55A009C490A /* Products */;
					ProjectRef = 4D20107E20B5D55A009C490A /* Branch.xcodeproj */;
				},
			);
			projectRoot = "";
			targets = (
				4DB027EE20B5D0BD00D5F19A /* BranchTests */,
			);
		};
/* End PBXProject section */

/* Begin PBXReferenceProxy section */
		4D20108420B5D55A009C490A /* Branch.framework */ = {
			isa = PBXReferenceProxy;
			fileType = wrapper.framework;
			path = Branch.framework;
			remoteRef = 4D20108320B5D55A009C490A /* PBXContainerItemProxy */;
			sourceTree = BUILT_PRODUCTS_DIR;
		};
/* End PBXReferenceProxy section */

/* Begin PBXResourcesBuildPhase section */
		4DB027ED20B5D0BD00D5F19A /* Resources */ = {
			isa = PBXResourcesBuildPhase;
			buildActionMask = 2147483647;
			files = (
				4DB0281F20B5D17B00D5F19A /* BNCTestCase.strings in Resources */,
			);
			runOnlyForDeploymentPostprocessing = 0;
		};
/* End PBXResourcesBuildPhase section */

/* Begin PBXSourcesBuildPhase section */
		4DB027EB20B5D0BD00D5F19A /* Sources */ = {
			isa = PBXSourcesBuildPhase;
			buildActionMask = 2147483647;
			files = (
				4DB0281720B5D17B00D5F19A /* BNCThreads.Test.m in Sources */,
				4DB0282320B5D17B00D5F19A /* NSString+Branch.Test.m in Sources */,
				4DB0281120B5D17B00D5F19A /* BNCTestCase.Test.m in Sources */,
				4DB0281C20B5D17B00D5F19A /* BNCApplication.Test.m in Sources */,
				4DB0282020B5D17B00D5F19A /* Branch.Test.m in Sources */,
				4DB0282420B5D17B00D5F19A /* BranchError.Test.m in Sources */,
				4DB0282220B5D17B00D5F19A /* BNCApplication+BNCTest.m in Sources */,
				4D20107D20B5D51C009C490A /* BranchUniversalObject.Test.m in Sources */,
				4DB0281E20B5D17B00D5F19A /* BNCTestCase.m in Sources */,
				4DB0281B20B5D17B00D5F19A /* BNCLocalization.Test.m in Sources */,
				4DB0281D20B5D17B00D5F19A /* BNCSettings.Test.m in Sources */,
				4DB0281620B5D17B00D5F19A /* BNCKeyChain.Test.m in Sources */,
				4DB0281820B5D17B00D5F19A /* BNCDebug.Test.m in Sources */,
				4DB0281420B5D17B00D5F19A /* BNCLog.Test.m in Sources */,
				4DB0281320B5D17B00D5F19A /* BNCEncoder.Test.m in Sources */,
				4DB0281020B5D17B00D5F19A /* BNCDevice.Test.m in Sources */,
				4DB0281A20B5D17B00D5F19A /* BNCPersistence.Test.m in Sources */,
			);
			runOnlyForDeploymentPostprocessing = 0;
		};
/* End PBXSourcesBuildPhase section */

/* Begin PBXTargetDependency section */
		4D20108820B5D579009C490A /* PBXTargetDependency */ = {
			isa = PBXTargetDependency;
			name = Branch;
			targetProxy = 4D20108720B5D579009C490A /* PBXContainerItemProxy */;
		};
/* End PBXTargetDependency section */

/* Begin XCBuildConfiguration section */
		4DB027F320B5D0BD00D5F19A /* Debug */ = {
			isa = XCBuildConfiguration;
			buildSettings = {
				ALWAYS_SEARCH_USER_PATHS = NO;
				CLANG_ANALYZER_NONNULL = YES;
				CLANG_ANALYZER_NUMBER_OBJECT_CONVERSION = YES_AGGRESSIVE;
				CLANG_CXX_LANGUAGE_STANDARD = "gnu++14";
				CLANG_CXX_LIBRARY = "libc++";
				CLANG_ENABLE_MODULES = YES;
				CLANG_ENABLE_OBJC_ARC = YES;
				CLANG_ENABLE_OBJC_WEAK = YES;
				CLANG_WARN_BLOCK_CAPTURE_AUTORELEASING = YES;
				CLANG_WARN_BOOL_CONVERSION = YES;
				CLANG_WARN_COMMA = YES;
				CLANG_WARN_CONSTANT_CONVERSION = YES;
				CLANG_WARN_DEPRECATED_OBJC_IMPLEMENTATIONS = YES;
				CLANG_WARN_DIRECT_OBJC_ISA_USAGE = YES_ERROR;
				CLANG_WARN_DOCUMENTATION_COMMENTS = YES;
				CLANG_WARN_EMPTY_BODY = YES;
				CLANG_WARN_ENUM_CONVERSION = YES;
				CLANG_WARN_INFINITE_RECURSION = YES;
				CLANG_WARN_INT_CONVERSION = YES;
				CLANG_WARN_NON_LITERAL_NULL_CONVERSION = YES;
				CLANG_WARN_OBJC_IMPLICIT_RETAIN_SELF = YES;
				CLANG_WARN_OBJC_LITERAL_CONVERSION = YES;
				CLANG_WARN_OBJC_ROOT_CLASS = YES_ERROR;
				CLANG_WARN_RANGE_LOOP_ANALYSIS = YES;
				CLANG_WARN_STRICT_PROTOTYPES = YES;
				CLANG_WARN_SUSPICIOUS_MOVE = YES;
				CLANG_WARN_UNGUARDED_AVAILABILITY = YES_AGGRESSIVE;
				CLANG_WARN_UNREACHABLE_CODE = YES;
				CLANG_WARN__DUPLICATE_METHOD_MATCH = YES;
				CODE_SIGN_IDENTITY = "Mac Developer";
				COPY_PHASE_STRIP = NO;
				DEBUG_INFORMATION_FORMAT = dwarf;
				ENABLE_STRICT_OBJC_MSGSEND = YES;
				ENABLE_TESTABILITY = YES;
				GCC_C_LANGUAGE_STANDARD = gnu11;
				GCC_DYNAMIC_NO_PIC = NO;
				GCC_NO_COMMON_BLOCKS = YES;
				GCC_OPTIMIZATION_LEVEL = 0;
				GCC_PREPROCESSOR_DEFINITIONS = (
					"DEBUG=1",
					"$(inherited)",
				);
				GCC_WARN_64_TO_32_BIT_CONVERSION = YES;
				GCC_WARN_ABOUT_RETURN_TYPE = YES_ERROR;
				GCC_WARN_UNDECLARED_SELECTOR = YES;
				GCC_WARN_UNINITIALIZED_AUTOS = YES_AGGRESSIVE;
				GCC_WARN_UNUSED_FUNCTION = YES;
				GCC_WARN_UNUSED_VARIABLE = YES;
				MACOSX_DEPLOYMENT_TARGET = 10.10;
				MTL_ENABLE_DEBUG_INFO = YES;
				ONLY_ACTIVE_ARCH = YES;
				SDKROOT = macosx;
			};
			name = Debug;
		};
		4DB027F420B5D0BD00D5F19A /* Release */ = {
			isa = XCBuildConfiguration;
			buildSettings = {
				ALWAYS_SEARCH_USER_PATHS = NO;
				CLANG_ANALYZER_NONNULL = YES;
				CLANG_ANALYZER_NUMBER_OBJECT_CONVERSION = YES_AGGRESSIVE;
				CLANG_CXX_LANGUAGE_STANDARD = "gnu++14";
				CLANG_CXX_LIBRARY = "libc++";
				CLANG_ENABLE_MODULES = YES;
				CLANG_ENABLE_OBJC_ARC = YES;
				CLANG_ENABLE_OBJC_WEAK = YES;
				CLANG_WARN_BLOCK_CAPTURE_AUTORELEASING = YES;
				CLANG_WARN_BOOL_CONVERSION = YES;
				CLANG_WARN_COMMA = YES;
				CLANG_WARN_CONSTANT_CONVERSION = YES;
				CLANG_WARN_DEPRECATED_OBJC_IMPLEMENTATIONS = YES;
				CLANG_WARN_DIRECT_OBJC_ISA_USAGE = YES_ERROR;
				CLANG_WARN_DOCUMENTATION_COMMENTS = YES;
				CLANG_WARN_EMPTY_BODY = YES;
				CLANG_WARN_ENUM_CONVERSION = YES;
				CLANG_WARN_INFINITE_RECURSION = YES;
				CLANG_WARN_INT_CONVERSION = YES;
				CLANG_WARN_NON_LITERAL_NULL_CONVERSION = YES;
				CLANG_WARN_OBJC_IMPLICIT_RETAIN_SELF = YES;
				CLANG_WARN_OBJC_LITERAL_CONVERSION = YES;
				CLANG_WARN_OBJC_ROOT_CLASS = YES_ERROR;
				CLANG_WARN_RANGE_LOOP_ANALYSIS = YES;
				CLANG_WARN_STRICT_PROTOTYPES = YES;
				CLANG_WARN_SUSPICIOUS_MOVE = YES;
				CLANG_WARN_UNGUARDED_AVAILABILITY = YES_AGGRESSIVE;
				CLANG_WARN_UNREACHABLE_CODE = YES;
				CLANG_WARN__DUPLICATE_METHOD_MATCH = YES;
				CODE_SIGN_IDENTITY = "Mac Developer";
				COPY_PHASE_STRIP = NO;
				DEBUG_INFORMATION_FORMAT = "dwarf-with-dsym";
				ENABLE_NS_ASSERTIONS = NO;
				ENABLE_STRICT_OBJC_MSGSEND = YES;
				GCC_C_LANGUAGE_STANDARD = gnu11;
				GCC_NO_COMMON_BLOCKS = YES;
				GCC_WARN_64_TO_32_BIT_CONVERSION = YES;
				GCC_WARN_ABOUT_RETURN_TYPE = YES_ERROR;
				GCC_WARN_UNDECLARED_SELECTOR = YES;
				GCC_WARN_UNINITIALIZED_AUTOS = YES_AGGRESSIVE;
				GCC_WARN_UNUSED_FUNCTION = YES;
				GCC_WARN_UNUSED_VARIABLE = YES;
				MACOSX_DEPLOYMENT_TARGET = 10.10;
				MTL_ENABLE_DEBUG_INFO = NO;
				SDKROOT = macosx;
			};
			name = Release;
		};
		4DB027F620B5D0BD00D5F19A /* Debug */ = {
			isa = XCBuildConfiguration;
			buildSettings = {
				CLANG_ENABLE_MODULES = YES;
				CODE_SIGN_STYLE = Automatic;
				COMBINE_HIDPI_IMAGES = YES;
				DEVELOPMENT_TEAM = R63EM248DP;
				FRAMEWORK_SEARCH_PATHS = (
					"$(inherited)",
					"$(PROJECT_DIR)/BranchTests/Vendor/OCMock-3-4-1/OSX",
				);
				HEADER_SEARCH_PATHS = "$(PROJECT_DIR)/Branch";
				INFOPLIST_FILE = "$(SRCROOT)/BranchTests/Info.plist";
				INSTALL_PATH = "$(LOCAL_LIBRARY_DIR)/Bundles";
				LD_RUNPATH_SEARCH_PATHS = (
					"$(inherited)",
					"@executable_path/../Frameworks",
					"@loader_path/../Frameworks",
				);
				PRODUCT_BUNDLE_IDENTIFIER = io.branch.sdk.mac.BranchTests1;
				PRODUCT_NAME = "$(TARGET_NAME)";
				SKIP_INSTALL = YES;
				SWIFT_OPTIMIZATION_LEVEL = "-Onone";
				SWIFT_VERSION = 3.0;
				TEST_HOST = "$(BUILT_PRODUCTS_DIR)/TestBed-Mac.app/Contents/MacOS/TestBed-Mac";
				WRAPPER_EXTENSION = xctest;
			};
			name = Debug;
		};
		4DB027F720B5D0BD00D5F19A /* Release */ = {
			isa = XCBuildConfiguration;
			buildSettings = {
				CLANG_ENABLE_MODULES = YES;
				CODE_SIGN_STYLE = Automatic;
				COMBINE_HIDPI_IMAGES = YES;
				DEVELOPMENT_TEAM = R63EM248DP;
				FRAMEWORK_SEARCH_PATHS = (
					"$(inherited)",
					"$(PROJECT_DIR)/BranchTests/Vendor/OCMock-3-4-1/OSX",
				);
				HEADER_SEARCH_PATHS = "$(PROJECT_DIR)/Branch";
				INFOPLIST_FILE = "$(SRCROOT)/BranchTests/Info.plist";
				INSTALL_PATH = "$(LOCAL_LIBRARY_DIR)/Bundles";
				LD_RUNPATH_SEARCH_PATHS = (
					"$(inherited)",
					"@executable_path/../Frameworks",
					"@loader_path/../Frameworks",
				);
				PRODUCT_BUNDLE_IDENTIFIER = io.branch.sdk.mac.BranchTests1;
				PRODUCT_NAME = "$(TARGET_NAME)";
				SKIP_INSTALL = YES;
				SWIFT_VERSION = 3.0;
				TEST_HOST = "$(BUILT_PRODUCTS_DIR)/TestBed-Mac.app/Contents/MacOS/TestBed-Mac";
				WRAPPER_EXTENSION = xctest;
			};
			name = Release;
		};
/* End XCBuildConfiguration section */

/* Begin XCConfigurationList section */
		4DB027EA20B5D0BD00D5F19A /* Build configuration list for PBXProject "BranchTests" */ = {
			isa = XCConfigurationList;
			buildConfigurations = (
				4DB027F320B5D0BD00D5F19A /* Debug */,
				4DB027F420B5D0BD00D5F19A /* Release */,
			);
			defaultConfigurationIsVisible = 0;
			defaultConfigurationName = Release;
		};
		4DB027F520B5D0BD00D5F19A /* Build configuration list for PBXNativeTarget "BranchTests" */ = {
			isa = XCConfigurationList;
			buildConfigurations = (
				4DB027F620B5D0BD00D5F19A /* Debug */,
				4DB027F720B5D0BD00D5F19A /* Release */,
			);
			defaultConfigurationIsVisible = 0;
			defaultConfigurationName = Release;
		};
/* End XCConfigurationList section */
	};
	rootObject = 4DB027E720B5D0BD00D5F19A /* Project object */;
}
